
Microsoft Visual Studio Solution File, Format Version 12.00
# Visual Studio Version 17
VisualStudioVersion = 17.11.35303.130
MinimumVisualStudioVersion = 10.0.40219.1
Project("{FAE04EC0-301F-11D3-BF4B-00C04F79EFBC}") = "Sistema_Empleado", "Sistema_Empleado\Sistema_Empleado.csproj", "{ADE6CD58-EF3B-41AF-9C37-2A6DA5310C33}"
EndProject
Global
	GlobalSection(SolutionConfigurationPlatforms) = preSolution
		Debug|Any CPU = Debug|Any CPU
		Release|Any CPU = Release|Any CPU
	EndGlobalSection
	GlobalSection(ProjectConfigurationPlatforms) = postSolution
		{ADE6CD58-EF3B-41AF-9C37-2A6DA5310C33}.Debug|Any CPU.ActiveCfg = Debug|Any CPU
		{ADE6CD58-EF3B-41AF-9C37-2A6DA5310C33}.Debug|Any CPU.Build.0 = Debug|Any CPU
		{ADE6CD58-EF3B-41AF-9C37-2A6DA5310C33}.Release|Any CPU.ActiveCfg = Release|Any CPU
		{ADE6CD58-EF3B-41AF-9C37-2A6DA5310C33}.Release|Any CPU.Build.0 = Release|Any CPU
	EndGlobalSection
	GlobalSection(SolutionProperties) = preSolution
		HideSolutionNode = FALSE
	EndGlobalSection
	GlobalSection(ExtensibilityGlobals) = postSolution
		SolutionGuid = {3FFBDA8B-7901-4680-B57B-E023340ED9A0}
	EndGlobalSection
EndGlobal
